
Microsoft Visual Studio Solution File, Format Version 12.00
# Visual Studio Version 16
VisualStudioVersion = 16.0.32126.315
MinimumVisualStudioVersion = 10.0.40219.1
Project("{FAE04EC0-301F-11D3-BF4B-00C04F79EFBC}") = "Password-Manager", "Password-Manager.csproj", "{CEC00D52-2845-47AF-A22C-F2DA7CB8B342}"
EndProject
Global
	GlobalSection(SolutionConfigurationPlatforms) = preSolution
		Debug|Any CPU = Debug|Any CPU
		Release|Any CPU = Release|Any CPU
	EndGlobalSection
	GlobalSection(ProjectConfigurationPlatforms) = postSolution
		{CEC00D52-2845-47AF-A22C-F2DA7CB8B342}.Debug|Any CPU.ActiveCfg = Debug|Any CPU
		{CEC00D52-2845-47AF-A22C-F2DA7CB8B342}.Debug|Any CPU.Build.0 = Debug|Any CPU
		{CEC00D52-2845-47AF-A22C-F2DA7CB8B342}.Release|Any CPU.ActiveCfg = Release|Any CPU
		{CEC00D52-2845-47AF-A22C-F2DA7CB8B342}.Release|Any CPU.Build.0 = Release|Any CPU
	EndGlobalSection
	GlobalSection(SolutionProperties) = preSolution
		HideSolutionNode = FALSE
	EndGlobalSection
	GlobalSection(ExtensibilityGlobals) = postSolution
		SolutionGuid = {9FDB465A-8322-4338-B0D4-A9BAB2A202FA}
	EndGlobalSection
EndGlobal
